// !$*UTF8*$!
{
	archiveVersion = 1;
	classes = {
	};
	objectVersion = 46;
	objects = {

/* Begin PBXBuildFile section */
		991B5EB81E8E64A6005D7674 /* ActionsBar.swift in Sources */ = {isa = PBXBuildFile; fileRef = 991B5EB71E8E64A6005D7674 /* ActionsBar.swift */; };
		9921678E1E92334F00979FC1 /* LoginVC.swift in Sources */ = {isa = PBXBuildFile; fileRef = 9921678D1E92334F00979FC1 /* LoginVC.swift */; };
		99410BF91EB4B57A007164CF /* LoadingVC.swift in Sources */ = {isa = PBXBuildFile; fileRef = 99410BF81EB4B57A007164CF /* LoadingVC.swift */; };
		99410BFE1EB4C59D007164CF /* CounterVC.swift in Sources */ = {isa = PBXBuildFile; fileRef = 99410BFD1EB4C59D007164CF /* CounterVC.swift */; };
		99410C001EB4CAC7007164CF /* Counter.swift in Sources */ = {isa = PBXBuildFile; fileRef = 99410BFF1EB4CAC7007164CF /* Counter.swift */; };
		99410C021EB4CAEF007164CF /* NestedComponentsVC.swift in Sources */ = {isa = PBXBuildFile; fileRef = 99410C011EB4CAEF007164CF /* NestedComponentsVC.swift */; };
		99410C041EB4D69E007164CF /* NavigationVC.swift in Sources */ = {isa = PBXBuildFile; fileRef = 99410C031EB4D69E007164CF /* NavigationVC.swift */; };
		99410C061EB4DD60007164CF /* HelloWorldVC.swift in Sources */ = {isa = PBXBuildFile; fileRef = 99410C051EB4DD60007164CF /* HelloWorldVC.swift */; };
		99C3C4D41E8D162800F7F5B5 /* PhotoComponent.swift in Sources */ = {isa = PBXBuildFile; fileRef = 99C3C4D31E8D162800F7F5B5 /* PhotoComponent.swift */; };
		99C3C4D81E8D5C7A00F7F5B5 /* States.swift in Sources */ = {isa = PBXBuildFile; fileRef = 99C3C4D71E8D5C7A00F7F5B5 /* States.swift */; };
		99CE3F6B1EAE6B77001049CF /* LoginState.swift in Sources */ = {isa = PBXBuildFile; fileRef = 99CE3F6A1EAE6B77001049CF /* LoginState.swift */; };
		99D226D21E8BA734009416AA /* AppDelegate.swift in Sources */ = {isa = PBXBuildFile; fileRef = 99D226D11E8BA734009416AA /* AppDelegate.swift */; };
		99D226D91E8BA734009416AA /* Assets.xcassets in Resources */ = {isa = PBXBuildFile; fileRef = 99D226D81E8BA734009416AA /* Assets.xcassets */; };
		99D226DC1E8BA734009416AA /* LaunchScreen.storyboard in Resources */ = {isa = PBXBuildFile; fileRef = 99D226DA1E8BA734009416AA /* LaunchScreen.storyboard */; };
		99D226F31E8BB1C5009416AA /* Stevia.framework in Frameworks */ = {isa = PBXBuildFile; fileRef = 99D226F21E8BB1C5009416AA /* Stevia.framework */; };
		99D47A381E8C0FB6003F14A2 /* PhotoFeedCell.swift in Sources */ = {isa = PBXBuildFile; fileRef = 99D47A371E8C0FB6003F14A2 /* PhotoFeedCell.swift */; };
		99F6E1831EB1CB77004391DD /* LoopExample.swift in Sources */ = {isa = PBXBuildFile; fileRef = 99F6E1821EB1CB77004391DD /* LoopExample.swift */; };
/* End PBXBuildFile section */

/* Begin PBXContainerItemProxy section */
		99F6E1781EB1C667004391DD /* PBXContainerItemProxy */ = {
			isa = PBXContainerItemProxy;
			containerPortal = 99F6E1731EB1C667004391DD /* Weact.xcodeproj */;
			proxyType = 2;
			remoteGlobalIDString = 996ADD8F1EB1C50A00364F7B;
			remoteInfo = Weact;
		};
		99F6E17A1EB1C667004391DD /* PBXContainerItemProxy */ = {
			isa = PBXContainerItemProxy;
			containerPortal = 99F6E1731EB1C667004391DD /* Weact.xcodeproj */;
			proxyType = 2;
			remoteGlobalIDString = 996ADD981EB1C50A00364F7B;
			remoteInfo = WeactTests;
		};
		99F6E1801EB1C718004391DD /* PBXContainerItemProxy */ = {
			isa = PBXContainerItemProxy;
			containerPortal = 99F6E1731EB1C667004391DD /* Weact.xcodeproj */;
			proxyType = 1;
			remoteGlobalIDString = 996ADD8E1EB1C50A00364F7B;
			remoteInfo = Weact;
		};
/* End PBXContainerItemProxy section */

/* Begin PBXCopyFilesBuildPhase section */
		996ADD7D1EB1C44A00364F7B /* Embed Frameworks */ = {
			isa = PBXCopyFilesBuildPhase;
			buildActionMask = 2147483647;
			dstPath = "";
			dstSubfolderSpec = 10;
			files = (
			);
			name = "Embed Frameworks";
			runOnlyForDeploymentPostprocessing = 0;
		};
/* End PBXCopyFilesBuildPhase section */

/* Begin PBXFileReference section */
		991B5EB71E8E64A6005D7674 /* ActionsBar.swift */ = {isa = PBXFileReference; fileEncoding = 4; lastKnownFileType = sourcecode.swift; path = ActionsBar.swift; sourceTree = "<group>"; };
		9921678D1E92334F00979FC1 /* LoginVC.swift */ = {isa = PBXFileReference; fileEncoding = 4; lastKnownFileType = sourcecode.swift; path = LoginVC.swift; sourceTree = "<group>"; };
		99410BF81EB4B57A007164CF /* LoadingVC.swift */ = {isa = PBXFileReference; fileEncoding = 4; lastKnownFileType = sourcecode.swift; path = LoadingVC.swift; sourceTree = "<group>"; };
		99410BFD1EB4C59D007164CF /* CounterVC.swift */ = {isa = PBXFileReference; fileEncoding = 4; lastKnownFileType = sourcecode.swift; path = CounterVC.swift; sourceTree = "<group>"; };
		99410BFF1EB4CAC7007164CF /* Counter.swift */ = {isa = PBXFileReference; fileEncoding = 4; lastKnownFileType = sourcecode.swift; path = Counter.swift; sourceTree = "<group>"; };
		99410C011EB4CAEF007164CF /* NestedComponentsVC.swift */ = {isa = PBXFileReference; fileEncoding = 4; lastKnownFileType = sourcecode.swift; path = NestedComponentsVC.swift; sourceTree = "<group>"; };
		99410C031EB4D69E007164CF /* NavigationVC.swift */ = {isa = PBXFileReference; fileEncoding = 4; lastKnownFileType = sourcecode.swift; path = NavigationVC.swift; sourceTree = "<group>"; };
		99410C051EB4DD60007164CF /* HelloWorldVC.swift */ = {isa = PBXFileReference; fileEncoding = 4; lastKnownFileType = sourcecode.swift; path = HelloWorldVC.swift; sourceTree = "<group>"; };
		996ADD691EB1C44A00364F7B /* Weact.h */ = {isa = PBXFileReference; lastKnownFileType = sourcecode.c.h; path = Weact.h; sourceTree = "<group>"; };
		996ADD6A1EB1C44A00364F7B /* Info.plist */ = {isa = PBXFileReference; lastKnownFileType = text.plist.xml; path = Info.plist; sourceTree = "<group>"; };
		996ADD761EB1C44A00364F7B /* WeactTests.swift */ = {isa = PBXFileReference; lastKnownFileType = sourcecode.swift; path = WeactTests.swift; sourceTree = "<group>"; };
		996ADD781EB1C44A00364F7B /* Info.plist */ = {isa = PBXFileReference; lastKnownFileType = text.plist.xml; path = Info.plist; sourceTree = "<group>"; };
		99C3C4D31E8D162800F7F5B5 /* PhotoComponent.swift */ = {isa = PBXFileReference; fileEncoding = 4; lastKnownFileType = sourcecode.swift; path = PhotoComponent.swift; sourceTree = "<group>"; };
		99C3C4D71E8D5C7A00F7F5B5 /* States.swift */ = {isa = PBXFileReference; fileEncoding = 4; lastKnownFileType = sourcecode.swift; path = States.swift; sourceTree = "<group>"; };
		99CE3F6A1EAE6B77001049CF /* LoginState.swift */ = {isa = PBXFileReference; fileEncoding = 4; lastKnownFileType = sourcecode.swift; path = LoginState.swift; sourceTree = "<group>"; };
		99D226CE1E8BA734009416AA /* WeactExampleExample.app */ = {isa = PBXFileReference; explicitFileType = wrapper.application; includeInIndex = 0; path = WeactExampleExample.app; sourceTree = BUILT_PRODUCTS_DIR; };
		99D226D11E8BA734009416AA /* AppDelegate.swift */ = {isa = PBXFileReference; lastKnownFileType = sourcecode.swift; path = AppDelegate.swift; sourceTree = "<group>"; };
		99D226D81E8BA734009416AA /* Assets.xcassets */ = {isa = PBXFileReference; lastKnownFileType = folder.assetcatalog; path = Assets.xcassets; sourceTree = "<group>"; };
		99D226DB1E8BA734009416AA /* Base */ = {isa = PBXFileReference; lastKnownFileType = file.storyboard; name = Base; path = Base.lproj/LaunchScreen.storyboard; sourceTree = "<group>"; };
		99D226DD1E8BA734009416AA /* Info.plist */ = {isa = PBXFileReference; lastKnownFileType = text.plist.xml; path = Info.plist; sourceTree = "<group>"; };
		99D226E61E8BA734009416AA /* ReactTests.swift */ = {isa = PBXFileReference; lastKnownFileType = sourcecode.swift; path = ReactTests.swift; sourceTree = "<group>"; };
		99D226E81E8BA734009416AA /* Info.plist */ = {isa = PBXFileReference; lastKnownFileType = text.plist.xml; path = Info.plist; sourceTree = "<group>"; };
		99D226F21E8BB1C5009416AA /* Stevia.framework */ = {isa = PBXFileReference; lastKnownFileType = wrapper.framework; name = Stevia.framework; path = Carthage/Build/iOS/Stevia.framework; sourceTree = "<group>"; };
		99D47A371E8C0FB6003F14A2 /* PhotoFeedCell.swift */ = {isa = PBXFileReference; fileEncoding = 4; lastKnownFileType = sourcecode.swift; path = PhotoFeedCell.swift; sourceTree = "<group>"; };
		99F6E1731EB1C667004391DD /* Weact.xcodeproj */ = {isa = PBXFileReference; lastKnownFileType = "wrapper.pb-project"; path = Weact.xcodeproj; sourceTree = SOURCE_ROOT; };
		99F6E1821EB1CB77004391DD /* LoopExample.swift */ = {isa = PBXFileReference; fileEncoding = 4; lastKnownFileType = sourcecode.swift; path = LoopExample.swift; sourceTree = "<group>"; };
/* End PBXFileReference section */

/* Begin PBXFrameworksBuildPhase section */
		99D226CB1E8BA734009416AA /* Frameworks */ = {
			isa = PBXFrameworksBuildPhase;
			buildActionMask = 2147483647;
			files = (
				99D226F31E8BB1C5009416AA /* Stevia.framework in Frameworks */,
			);
			runOnlyForDeploymentPostprocessing = 0;
		};
/* End PBXFrameworksBuildPhase section */

/* Begin PBXGroup section */
		991B5EBA1E8E95CF005D7674 /* TrashTests */ = {
			isa = PBXGroup;
			children = (
				99D47A371E8C0FB6003F14A2 /* PhotoFeedCell.swift */,
			);
			name = TrashTests;
			sourceTree = "<group>";
		};
		996ADD681EB1C44A00364F7B /* Weact */ = {
			isa = PBXGroup;
			children = (
				996ADD691EB1C44A00364F7B /* Weact.h */,
				996ADD6A1EB1C44A00364F7B /* Info.plist */,
			);
			path = Weact;
			sourceTree = "<group>";
		};
		996ADD751EB1C44A00364F7B /* WeactTests */ = {
			isa = PBXGroup;
			children = (
				996ADD761EB1C44A00364F7B /* WeactTests.swift */,
				996ADD781EB1C44A00364F7B /* Info.plist */,
			);
			path = WeactTests;
			sourceTree = "<group>";
		};
		99D226C51E8BA734009416AA = {
			isa = PBXGroup;
			children = (
				99D226D01E8BA734009416AA /* React */,
				99D226E51E8BA734009416AA /* ReactTests */,
				996ADD681EB1C44A00364F7B /* Weact */,
				996ADD751EB1C44A00364F7B /* WeactTests */,
				99D226CF1E8BA734009416AA /* Products */,
				99D226F11E8BB1C5009416AA /* Frameworks */,
			);
			sourceTree = "<group>";
		};
		99D226CF1E8BA734009416AA /* Products */ = {
			isa = PBXGroup;
			children = (
				99D226CE1E8BA734009416AA /* WeactExampleExample.app */,
			);
			name = Products;
			sourceTree = "<group>";
		};
		99D226D01E8BA734009416AA /* React */ = {
			isa = PBXGroup;
			children = (
				99D226D11E8BA734009416AA /* AppDelegate.swift */,
				99410BF81EB4B57A007164CF /* LoadingVC.swift */,
				99410C051EB4DD60007164CF /* HelloWorldVC.swift */,
				99410C031EB4D69E007164CF /* NavigationVC.swift */,
				99410BFF1EB4CAC7007164CF /* Counter.swift */,
				99410C011EB4CAEF007164CF /* NestedComponentsVC.swift */,
				99410BFD1EB4C59D007164CF /* CounterVC.swift */,
				99C3C4D71E8D5C7A00F7F5B5 /* States.swift */,
				99C3C4D31E8D162800F7F5B5 /* PhotoComponent.swift */,
				991B5EB71E8E64A6005D7674 /* ActionsBar.swift */,
				9921678D1E92334F00979FC1 /* LoginVC.swift */,
				99CE3F6A1EAE6B77001049CF /* LoginState.swift */,
				99F6E1821EB1CB77004391DD /* LoopExample.swift */,
				99F6E1731EB1C667004391DD /* Weact.xcodeproj */,
				991B5EBA1E8E95CF005D7674 /* TrashTests */,
				99D226D81E8BA734009416AA /* Assets.xcassets */,
				99D226DA1E8BA734009416AA /* LaunchScreen.storyboard */,
				99D226DD1E8BA734009416AA /* Info.plist */,
			);
			path = React;
			sourceTree = "<group>";
		};
		99D226E51E8BA734009416AA /* ReactTests */ = {
			isa = PBXGroup;
			children = (
				99D226E61E8BA734009416AA /* ReactTests.swift */,
				99D226E81E8BA734009416AA /* Info.plist */,
			);
			path = ReactTests;
			sourceTree = "<group>";
		};
		99D226F11E8BB1C5009416AA /* Frameworks */ = {
			isa = PBXGroup;
			children = (
				99D226F21E8BB1C5009416AA /* Stevia.framework */,
			);
			name = Frameworks;
			sourceTree = "<group>";
		};
		99F6E1741EB1C667004391DD /* Products */ = {
			isa = PBXGroup;
			children = (
				99F6E1791EB1C667004391DD /* Weact.framework */,
				99F6E17B1EB1C667004391DD /* WeactTests.xctest */,
			);
			name = Products;
			sourceTree = "<group>";
		};
/* End PBXGroup section */

/* Begin PBXNativeTarget section */
		99D226CD1E8BA734009416AA /* WeactExampleExample */ = {
			isa = PBXNativeTarget;
			buildConfigurationList = 99D226EB1E8BA734009416AA /* Build configuration list for PBXNativeTarget "WeactExampleExample" */;
			buildPhases = (
				99D226CA1E8BA734009416AA /* Sources */,
				99D226CB1E8BA734009416AA /* Frameworks */,
				99D226CC1E8BA734009416AA /* Resources */,
				99D226F41E8BB1CB009416AA /* ShellScript */,
				996ADD611EB1018E00364F7B /* ShellScript */,
				996ADD7D1EB1C44A00364F7B /* Embed Frameworks */,
			);
			buildRules = (
			);
			dependencies = (
				99F6E1811EB1C718004391DD /* PBXTargetDependency */,
			);
			name = WeactExampleExample;
			productName = React;
			productReference = 99D226CE1E8BA734009416AA /* WeactExampleExample.app */;
			productType = "com.apple.product-type.application";
		};
/* End PBXNativeTarget section */

/* Begin PBXProject section */
		99D226C61E8BA734009416AA /* Project object */ = {
			isa = PBXProject;
			attributes = {
				LastSwiftUpdateCheck = 0830;
				LastUpgradeCheck = 0820;
				ORGANIZATIONNAME = Octopepper;
				TargetAttributes = {
					99D226CD1E8BA734009416AA = {
						CreatedOnToolsVersion = 8.2.1;
						ProvisioningStyle = Automatic;
					};
				};
			};
			buildConfigurationList = 99D226C91E8BA734009416AA /* Build configuration list for PBXProject "WeactExample" */;
			compatibilityVersion = "Xcode 3.2";
			developmentRegion = English;
			hasScannedForEncodings = 0;
			knownRegions = (
				en,
				Base,
			);
			mainGroup = 99D226C51E8BA734009416AA;
			productRefGroup = 99D226CF1E8BA734009416AA /* Products */;
			projectDirPath = "";
			projectReferences = (
				{
					ProductGroup = 99F6E1741EB1C667004391DD /* Products */;
					ProjectRef = 99F6E1731EB1C667004391DD /* Weact.xcodeproj */;
				},
			);
			projectRoot = "";
			targets = (
				99D226CD1E8BA734009416AA /* WeactExampleExample */,
			);
		};
/* End PBXProject section */

/* Begin PBXReferenceProxy section */
		99F6E1791EB1C667004391DD /* Weact.framework */ = {
			isa = PBXReferenceProxy;
			fileType = wrapper.framework;
			path = Weact.framework;
			remoteRef = 99F6E1781EB1C667004391DD /* PBXContainerItemProxy */;
			sourceTree = BUILT_PRODUCTS_DIR;
		};
		99F6E17B1EB1C667004391DD /* WeactTests.xctest */ = {
			isa = PBXReferenceProxy;
			fileType = wrapper.cfbundle;
			path = WeactTests.xctest;
			remoteRef = 99F6E17A1EB1C667004391DD /* PBXContainerItemProxy */;
			sourceTree = BUILT_PRODUCTS_DIR;
		};
/* End PBXReferenceProxy section */

/* Begin PBXResourcesBuildPhase section */
		99D226CC1E8BA734009416AA /* Resources */ = {
			isa = PBXResourcesBuildPhase;
			buildActionMask = 2147483647;
			files = (
				99D226DC1E8BA734009416AA /* LaunchScreen.storyboard in Resources */,
				99D226D91E8BA734009416AA /* Assets.xcassets in Resources */,
			);
			runOnlyForDeploymentPostprocessing = 0;
		};
/* End PBXResourcesBuildPhase section */

/* Begin PBXShellScriptBuildPhase section */
		996ADD611EB1018E00364F7B /* ShellScript */ = {
			isa = PBXShellScriptBuildPhase;
			buildActionMask = 8;
			files = (
			);
			inputPaths = (
			);
			outputPaths = (
			);
			runOnlyForDeploymentPostprocessing = 1;
			shellPath = /bin/sh;
			shellScript = "if which swiftlint >/dev/null; then\nswiftlint\nelse\necho \"warning: SwiftLint not installed, download from https://github.com/realm/SwiftLint\"\nfi";
		};
		99D226F41E8BB1CB009416AA /* ShellScript */ = {
			isa = PBXShellScriptBuildPhase;
			buildActionMask = 2147483647;
			files = (
			);
			inputPaths = (
				"$(SRCROOT)/Carthage/Build/iOS/Stevia.framework",
			);
			outputPaths = (
			);
			runOnlyForDeploymentPostprocessing = 0;
			shellPath = /bin/sh;
			shellScript = "/usr/local/bin/carthage copy-frameworks";
		};
/* End PBXShellScriptBuildPhase section */

/* Begin PBXSourcesBuildPhase section */
		99D226CA1E8BA734009416AA /* Sources */ = {
			isa = PBXSourcesBuildPhase;
			buildActionMask = 2147483647;
			files = (
				991B5EB81E8E64A6005D7674 /* ActionsBar.swift in Sources */,
				99410C021EB4CAEF007164CF /* NestedComponentsVC.swift in Sources */,
				99410C061EB4DD60007164CF /* HelloWorldVC.swift in Sources */,
				99D47A381E8C0FB6003F14A2 /* PhotoFeedCell.swift in Sources */,
				99410C041EB4D69E007164CF /* NavigationVC.swift in Sources */,
				99410C001EB4CAC7007164CF /* Counter.swift in Sources */,
				99410BF91EB4B57A007164CF /* LoadingVC.swift in Sources */,
				99F6E1831EB1CB77004391DD /* LoopExample.swift in Sources */,
				99CE3F6B1EAE6B77001049CF /* LoginState.swift in Sources */,
				99410BFE1EB4C59D007164CF /* CounterVC.swift in Sources */,
				99C3C4D41E8D162800F7F5B5 /* PhotoComponent.swift in Sources */,
				99C3C4D81E8D5C7A00F7F5B5 /* States.swift in Sources */,
				9921678E1E92334F00979FC1 /* LoginVC.swift in Sources */,
				99D226D21E8BA734009416AA /* AppDelegate.swift in Sources */,
			);
			runOnlyForDeploymentPostprocessing = 0;
		};
/* End PBXSourcesBuildPhase section */

/* Begin PBXTargetDependency section */
		99F6E1811EB1C718004391DD /* PBXTargetDependency */ = {
			isa = PBXTargetDependency;
			name = Weact;
			targetProxy = 99F6E1801EB1C718004391DD /* PBXContainerItemProxy */;
		};
/* End PBXTargetDependency section */

/* Begin PBXVariantGroup section */
		99D226DA1E8BA734009416AA /* LaunchScreen.storyboard */ = {
			isa = PBXVariantGroup;
			children = (
				99D226DB1E8BA734009416AA /* Base */,
			);
			name = LaunchScreen.storyboard;
			sourceTree = "<group>";
		};
/* End PBXVariantGroup section */

/* Begin XCBuildConfiguration section */
		99D226E91E8BA734009416AA /* Debug */ = {
			isa = XCBuildConfiguration;
			buildSettings = {
				ALWAYS_SEARCH_USER_PATHS = NO;
				CLANG_ANALYZER_NONNULL = YES;
				CLANG_CXX_LANGUAGE_STANDARD = "gnu++0x";
				CLANG_CXX_LIBRARY = "libc++";
				CLANG_ENABLE_MODULES = YES;
				CLANG_ENABLE_OBJC_ARC = YES;
				CLANG_WARN_BOOL_CONVERSION = YES;
				CLANG_WARN_CONSTANT_CONVERSION = YES;
				CLANG_WARN_DIRECT_OBJC_ISA_USAGE = YES_ERROR;
				CLANG_WARN_DOCUMENTATION_COMMENTS = YES;
				CLANG_WARN_EMPTY_BODY = YES;
				CLANG_WARN_ENUM_CONVERSION = YES;
				CLANG_WARN_INFINITE_RECURSION = YES;
				CLANG_WARN_INT_CONVERSION = YES;
				CLANG_WARN_OBJC_ROOT_CLASS = YES_ERROR;
				CLANG_WARN_SUSPICIOUS_MOVE = YES;
				CLANG_WARN_UNREACHABLE_CODE = YES;
				CLANG_WARN__DUPLICATE_METHOD_MATCH = YES;
				"CODE_SIGN_IDENTITY[sdk=iphoneos*]" = "iPhone Developer";
				COPY_PHASE_STRIP = NO;
				DEBUG_INFORMATION_FORMAT = dwarf;
				ENABLE_STRICT_OBJC_MSGSEND = YES;
				ENABLE_TESTABILITY = YES;
				GCC_C_LANGUAGE_STANDARD = gnu99;
				GCC_DYNAMIC_NO_PIC = NO;
				GCC_NO_COMMON_BLOCKS = YES;
				GCC_OPTIMIZATION_LEVEL = 0;
				GCC_PREPROCESSOR_DEFINITIONS = (
					"DEBUG=1",
					"$(inherited)",
				);
				GCC_WARN_64_TO_32_BIT_CONVERSION = YES;
				GCC_WARN_ABOUT_RETURN_TYPE = YES_ERROR;
				GCC_WARN_UNDECLARED_SELECTOR = YES;
				GCC_WARN_UNINITIALIZED_AUTOS = YES_AGGRESSIVE;
				GCC_WARN_UNUSED_FUNCTION = YES;
				GCC_WARN_UNUSED_VARIABLE = YES;
				IPHONEOS_DEPLOYMENT_TARGET = 10.2;
				MTL_ENABLE_DEBUG_INFO = YES;
				ONLY_ACTIVE_ARCH = YES;
				SDKROOT = iphoneos;
				SWIFT_ACTIVE_COMPILATION_CONDITIONS = DEBUG;
				SWIFT_OPTIMIZATION_LEVEL = "-Onone";
				TARGETED_DEVICE_FAMILY = 2;
			};
			name = Debug;
		};
		99D226EA1E8BA734009416AA /* Release */ = {
			isa = XCBuildConfiguration;
			buildSettings = {
				ALWAYS_SEARCH_USER_PATHS = NO;
				CLANG_ANALYZER_NONNULL = YES;
				CLANG_CXX_LANGUAGE_STANDARD = "gnu++0x";
				CLANG_CXX_LIBRARY = "libc++";
				CLANG_ENABLE_MODULES = YES;
				CLANG_ENABLE_OBJC_ARC = YES;
				CLANG_WARN_BOOL_CONVERSION = YES;
				CLANG_WARN_CONSTANT_CONVERSION = YES;
				CLANG_WARN_DIRECT_OBJC_ISA_USAGE = YES_ERROR;
				CLANG_WARN_DOCUMENTATION_COMMENTS = YES;
				CLANG_WARN_EMPTY_BODY = YES;
				CLANG_WARN_ENUM_CONVERSION = YES;
				CLANG_WARN_INFINITE_RECURSION = YES;
				CLANG_WARN_INT_CONVERSION = YES;
				CLANG_WARN_OBJC_ROOT_CLASS = YES_ERROR;
				CLANG_WARN_SUSPICIOUS_MOVE = YES;
				CLANG_WARN_UNREACHABLE_CODE = YES;
				CLANG_WARN__DUPLICATE_METHOD_MATCH = YES;
				"CODE_SIGN_IDENTITY[sdk=iphoneos*]" = "iPhone Developer";
				COPY_PHASE_STRIP = NO;
				DEBUG_INFORMATION_FORMAT = "dwarf-with-dsym";
				ENABLE_NS_ASSERTIONS = NO;
				ENABLE_STRICT_OBJC_MSGSEND = YES;
				GCC_C_LANGUAGE_STANDARD = gnu99;
				GCC_NO_COMMON_BLOCKS = YES;
				GCC_WARN_64_TO_32_BIT_CONVERSION = YES;
				GCC_WARN_ABOUT_RETURN_TYPE = YES_ERROR;
				GCC_WARN_UNDECLARED_SELECTOR = YES;
				GCC_WARN_UNINITIALIZED_AUTOS = YES_AGGRESSIVE;
				GCC_WARN_UNUSED_FUNCTION = YES;
				GCC_WARN_UNUSED_VARIABLE = YES;
				IPHONEOS_DEPLOYMENT_TARGET = 10.2;
				MTL_ENABLE_DEBUG_INFO = NO;
				SDKROOT = iphoneos;
				SWIFT_OPTIMIZATION_LEVEL = "-Owholemodule";
				TARGETED_DEVICE_FAMILY = 2;
				VALIDATE_PRODUCT = YES;
			};
			name = Release;
		};
		99D226EC1E8BA734009416AA /* Debug */ = {
			isa = XCBuildConfiguration;
			buildSettings = {
				ASSETCATALOG_COMPILER_APPICON_NAME = AppIcon;
				FRAMEWORK_SEARCH_PATHS = (
					"$(inherited)",
					"$(PROJECT_DIR)/Carthage/Build/iOS",
				);
				INFOPLIST_FILE = React/Info.plist;
				LD_RUNPATH_SEARCH_PATHS = "$(inherited) @executable_path/Frameworks";
				PRODUCT_BUNDLE_IDENTIFIER = com.freshos.WeactExample;
				PRODUCT_NAME = "$(TARGET_NAME)";
				SWIFT_VERSION = 3.0;
				TARGETED_DEVICE_FAMILY = "1,2";
			};
			name = Debug;
		};
		99D226ED1E8BA734009416AA /* Release */ = {
			isa = XCBuildConfiguration;
			buildSettings = {
				ASSETCATALOG_COMPILER_APPICON_NAME = AppIcon;
				FRAMEWORK_SEARCH_PATHS = (
					"$(inherited)",
					"$(PROJECT_DIR)/Carthage/Build/iOS",
				);
				INFOPLIST_FILE = React/Info.plist;
				LD_RUNPATH_SEARCH_PATHS = "$(inherited) @executable_path/Frameworks";
				PRODUCT_BUNDLE_IDENTIFIER = com.freshos.WeactExample;
				PRODUCT_NAME = "$(TARGET_NAME)";
				SWIFT_VERSION = 3.0;
				TARGETED_DEVICE_FAMILY = "1,2";
			};
			name = Release;
		};
/* End XCBuildConfiguration section */

/* Begin XCConfigurationList section */
		99D226C91E8BA734009416AA /* Build configuration list for PBXProject "WeactExample" */ = {
			isa = XCConfigurationList;
			buildConfigurations = (
				99D226E91E8BA734009416AA /* Debug */,
				99D226EA1E8BA734009416AA /* Release */,
			);
			defaultConfigurationIsVisible = 0;
			defaultConfigurationName = Release;
		};
		99D226EB1E8BA734009416AA /* Build configuration list for PBXNativeTarget "WeactExampleExample" */ = {
			isa = XCConfigurationList;
			buildConfigurations = (
				99D226EC1E8BA734009416AA /* Debug */,
				99D226ED1E8BA734009416AA /* Release */,
			);
			defaultConfigurationIsVisible = 0;
			defaultConfigurationName = Release;
		};
/* End XCConfigurationList section */
	};
	rootObject = 99D226C61E8BA734009416AA /* Project object */;
}
